
Microsoft Visual Studio Solution File, Format Version 12.00
# Visual Studio Version 16
VisualStudioVersion = 16.0.31729.503
MinimumVisualStudioVersion = 10.0.40219.1
Project("{FAE04EC0-301F-11D3-BF4B-00C04F79EFBC}") = "WinFormsApp1", "WinFormsApp1\WinFormsApp1.csproj", "{7C24BD7D-511D-459A-8445-60C37FBDE16E}"
EndProject
Global
	GlobalSection(SolutionConfigurationPlatforms) = preSolution
		Debug|Any CPU = Debug|Any CPU
		Release|Any CPU = Release|Any CPU
	EndGlobalSection
	GlobalSection(ProjectConfigurationPlatforms) = postSolution
		{7C24BD7D-511D-459A-8445-60C37FBDE16E}.Debug|Any CPU.ActiveCfg = Debug|Any CPU
		{7C24BD7D-511D-459A-8445-60C37FBDE16E}.Debug|Any CPU.Build.0 = Debug|Any CPU
		{7C24BD7D-511D-459A-8445-60C37FBDE16E}.Release|Any CPU.ActiveCfg = Release|Any CPU
		{7C24BD7D-511D-459A-8445-60C37FBDE16E}.Release|Any CPU.Build.0 = Release|Any CPU
	EndGlobalSection
	GlobalSection(SolutionProperties) = preSolution
		HideSolutionNode = FALSE
	EndGlobalSection
	GlobalSection(ExtensibilityGlobals) = postSolution
		SolutionGuid = {F1CAF2EF-C2E8-4209-B5BE-691231025FD3}
	EndGlobalSection
EndGlobal
